
Microsoft Visual Studio Solution File, Format Version 12.00
# Visual Studio 15
VisualStudioVersion = 15.0.28010.2003
MinimumVisualStudioVersion = 10.0.40219.1
Project("{FAE04EC0-301F-11D3-BF4B-00C04F79EFBC}") = "Syns-Voltorb-Flip", "Syns-Voltorb-Flip\Syns-Voltorb-Flip.csproj", "{D46F03BC-A432-4A95-9DCB-F8897D7CDF6C}"
EndProject
Global
	GlobalSection(SolutionConfigurationPlatforms) = preSolution
		Debug|Any CPU = Debug|Any CPU
		Release|Any CPU = Release|Any CPU
	EndGlobalSection
	GlobalSection(ProjectConfigurationPlatforms) = postSolution
		{D46F03BC-A432-4A95-9DCB-F8897D7CDF6C}.Debug|Any CPU.ActiveCfg = Debug|Any CPU
		{D46F03BC-A432-4A95-9DCB-F8897D7CDF6C}.Debug|Any CPU.Build.0 = Debug|Any CPU
		{D46F03BC-A432-4A95-9DCB-F8897D7CDF6C}.Release|Any CPU.ActiveCfg = Release|Any CPU
		{D46F03BC-A432-4A95-9DCB-F8897D7CDF6C}.Release|Any CPU.Build.0 = Release|Any CPU
	EndGlobalSection
	GlobalSection(SolutionProperties) = preSolution
		HideSolutionNode = FALSE
	EndGlobalSection
	GlobalSection(ExtensibilityGlobals) = postSolution
		SolutionGuid = {EFBDC871-E1B8-4684-B75A-EE0F0432856B}
	EndGlobalSection
EndGlobal
